{
  "name": "ohana",
  "version": "1.0.0",
  "lockfileVersion": 1,
  "requires": true,
  "dependencies": {
    "@sap/hana-client": {
      "version": "2.4.191",
      "resolved": "https://registry.npmjs.org/@sap/hana-client/-/hana-client-2.4.191.tgz",
      "integrity": "sha512-OkdZPJenVuoFbkMBcgBN0nd75xVEi4Szf5NdeUyCQfpE5UecuPrn1rJj4sW9QJdsPammB+fY1ihF7ErgDe4gFg==",
      "requires": {
        "debug": "3.1.0"
      },
      "dependencies": {
        "debug": {
          "version": "3.1.0",
          "resolved": "https://registry.npmjs.org/debug/-/debug-3.1.0.tgz",
          "integrity": "sha512-OX8XqP7/1a9cqkxYw2yXss15f26NKWBpDXQd0/uK/KPqdQhxbPa994hnzjcE2VqQpDslf55723cKPUOGSmMY3g==",
          "requires": {
            "ms": "2.0.0"
          }
        },
        "ms": {
          "version": "2.0.0",
          "resolved": "https://registry.npmjs.org/ms/-/ms-2.0.0.tgz",
          "integrity": "sha1-VgiurfwAvmwpAd9fmGF4jeDVl8g="
        }
      }
    }
  }
}
